
Microsoft Visual Studio Solution File, Format Version 12.00
# Visual Studio Version 17
VisualStudioVersion = 17.10.34916.146
MinimumVisualStudioVersion = 10.0.40219.1
Project("{FAE04EC0-301F-11D3-BF4B-00C04F79EFBC}") = "JokesApp2", "JokesApp2\JokesApp2.csproj", "{E8AD70B6-364A-4B29-9213-BFB49AED799C}"
EndProject
Global
	GlobalSection(SolutionConfigurationPlatforms) = preSolution
		Debug|Any CPU = Debug|Any CPU
		Release|Any CPU = Release|Any CPU
	EndGlobalSection
	GlobalSection(ProjectConfigurationPlatforms) = postSolution
		{E8AD70B6-364A-4B29-9213-BFB49AED799C}.Debug|Any CPU.ActiveCfg = Debug|Any CPU
		{E8AD70B6-364A-4B29-9213-BFB49AED799C}.Debug|Any CPU.Build.0 = Debug|Any CPU
		{E8AD70B6-364A-4B29-9213-BFB49AED799C}.Release|Any CPU.ActiveCfg = Release|Any CPU
		{E8AD70B6-364A-4B29-9213-BFB49AED799C}.Release|Any CPU.Build.0 = Release|Any CPU
	EndGlobalSection
	GlobalSection(SolutionProperties) = preSolution
		HideSolutionNode = FALSE
	EndGlobalSection
	GlobalSection(ExtensibilityGlobals) = postSolution
		SolutionGuid = {D1AFB247-ED50-4337-8AE0-3328B0EA45B1}
	EndGlobalSection
EndGlobal
